// !$*UTF8*$!
{
	archiveVersion = 1;
	classes = {
	};
	objectVersion = 46;
	objects = {

/* Begin PBXBuildFile section */
		320EEFB01DD754F500AB7BA2 /* WebService.swift in Sources */ = {isa = PBXBuildFile; fileRef = 320EEFAF1DD754F500AB7BA2 /* WebService.swift */; };
		320EEFB21DD7551400AB7BA2 /* AccountInfo+Networking.swift in Sources */ = {isa = PBXBuildFile; fileRef = 320EEFB11DD7551400AB7BA2 /* AccountInfo+Networking.swift */; };
		320EEFB41DD75E3200AB7BA2 /* AuthenticationInfo+Networking.swift in Sources */ = {isa = PBXBuildFile; fileRef = 320EEFB31DD75E3200AB7BA2 /* AuthenticationInfo+Networking.swift */; };
		320EEFB61DD7741400AB7BA2 /* UIViewController+Networking.swift in Sources */ = {isa = PBXBuildFile; fileRef = 320EEFB51DD7741400AB7BA2 /* UIViewController+Networking.swift */; };
		32115E2F1DD9B6DD0082C77E /* Pagination+Json.swift in Sources */ = {isa = PBXBuildFile; fileRef = 32115E2E1DD9B6DD0082C77E /* Pagination+Json.swift */; };
		3215F5BE1DD6524800E05BDA /* ChatsViewController.swift in Sources */ = {isa = PBXBuildFile; fileRef = 3215F5BD1DD6524800E05BDA /* ChatsViewController.swift */; };
		3215F5D61DD65E4700E05BDA /* MessagesViewController.swift in Sources */ = {isa = PBXBuildFile; fileRef = 3215F5D21DD65E4700E05BDA /* MessagesViewController.swift */; };
		323479881DDB611E001BA2CB /* DateFormatter+View.swift in Sources */ = {isa = PBXBuildFile; fileRef = 323479871DDB611E001BA2CB /* DateFormatter+View.swift */; };
		32361D5D1DD50D24001DC6AA /* AppDelegate.swift in Sources */ = {isa = PBXBuildFile; fileRef = 32361D5C1DD50D24001DC6AA /* AppDelegate.swift */; };
		32361D641DD50D25001DC6AA /* Main.storyboard in Resources */ = {isa = PBXBuildFile; fileRef = 32361D621DD50D25001DC6AA /* Main.storyboard */; };
		32361D661DD50D25001DC6AA /* Assets.xcassets in Resources */ = {isa = PBXBuildFile; fileRef = 32361D651DD50D25001DC6AA /* Assets.xcassets */; };
		32361D691DD50D25001DC6AA /* LaunchScreen.storyboard in Resources */ = {isa = PBXBuildFile; fileRef = 32361D671DD50D25001DC6AA /* LaunchScreen.storyboard */; };
		32361D741DD50D25001DC6AA /* WebServiceTests.swift in Sources */ = {isa = PBXBuildFile; fileRef = 32361D731DD50D25001DC6AA /* WebServiceTests.swift */; };
		324F4EBC1DD8736B001A5915 /* JSONSerializable.swift in Sources */ = {isa = PBXBuildFile; fileRef = 324F4EBB1DD8736B001A5915 /* JSONSerializable.swift */; };
		325078A21DDA440C0002805C /* CollectionRequestable.swift in Sources */ = {isa = PBXBuildFile; fileRef = 325078A11DDA440C0002805C /* CollectionRequestable.swift */; };
		327A06D71DDCB6DD00212A1F /* WebResource.swift in Sources */ = {isa = PBXBuildFile; fileRef = 327A06D61DDCB6DD00212A1F /* WebResource.swift */; };
		327A06D91DDCB73500212A1F /* HTTPMethod.swift in Sources */ = {isa = PBXBuildFile; fileRef = 327A06D81DDCB73500212A1F /* HTTPMethod.swift */; };
		327A06DB1DDCB76C00212A1F /* URLRequest+WebResource.swift in Sources */ = {isa = PBXBuildFile; fileRef = 327A06DA1DDCB76C00212A1F /* URLRequest+WebResource.swift */; };
		327B513E1DDC8A9000A0F08B /* MessageTableCell.swift in Sources */ = {isa = PBXBuildFile; fileRef = 327B513B1DDC8A9000A0F08B /* MessageTableCell.swift */; };
		327B513F1DDC8A9000A0F08B /* MessageTableCell.xib in Resources */ = {isa = PBXBuildFile; fileRef = 327B513C1DDC8A9000A0F08B /* MessageTableCell.xib */; };
		327B51401DDC8A9000A0F08B /* MessagesTableListener.swift in Sources */ = {isa = PBXBuildFile; fileRef = 327B513D1DDC8A9000A0F08B /* MessagesTableListener.swift */; };
		327B51461DDC8AAF00A0F08B /* ChatTableCell.swift in Sources */ = {isa = PBXBuildFile; fileRef = 327B51431DDC8AAF00A0F08B /* ChatTableCell.swift */; };
		327B51471DDC8AAF00A0F08B /* ChatTableCell.xib in Resources */ = {isa = PBXBuildFile; fileRef = 327B51441DDC8AAF00A0F08B /* ChatTableCell.xib */; };
		327B51481DDC8AAF00A0F08B /* ChatsTableListener.swift in Sources */ = {isa = PBXBuildFile; fileRef = 327B51451DDC8AAF00A0F08B /* ChatsTableListener.swift */; };
		327B51511DDC8B1A00A0F08B /* TableListener.swift in Sources */ = {isa = PBXBuildFile; fileRef = 327B51491DDC8B1A00A0F08B /* TableListener.swift */; };
		327B51521DDC8B1A00A0F08B /* TextFieldTableCell.swift in Sources */ = {isa = PBXBuildFile; fileRef = 327B514B1DDC8B1A00A0F08B /* TextFieldTableCell.swift */; };
		327B51531DDC8B1A00A0F08B /* TextFieldTableCell.xib in Resources */ = {isa = PBXBuildFile; fileRef = 327B514C1DDC8B1A00A0F08B /* TextFieldTableCell.xib */; };
		327B51541DDC8B1A00A0F08B /* TextFieldTableListener.swift in Sources */ = {isa = PBXBuildFile; fileRef = 327B514D1DDC8B1A00A0F08B /* TextFieldTableListener.swift */; };
		327B51551DDC8B1A00A0F08B /* TextFieldTableRepresentable.swift in Sources */ = {isa = PBXBuildFile; fileRef = 327B514E1DDC8B1A00A0F08B /* TextFieldTableRepresentable.swift */; };
		327B51561DDC8B1A00A0F08B /* TextFieldTableRepresentation.swift in Sources */ = {isa = PBXBuildFile; fileRef = 327B514F1DDC8B1A00A0F08B /* TextFieldTableRepresentation.swift */; };
		327B51571DDC8B1A00A0F08B /* TextFieldTableRow.swift in Sources */ = {isa = PBXBuildFile; fileRef = 327B51501DDC8B1A00A0F08B /* TextFieldTableRow.swift */; };
		32AFDEBD1DDB1B3600C5E912 /* CreateChatViewController.swift in Sources */ = {isa = PBXBuildFile; fileRef = 32AFDEBC1DDB1B3600C5E912 /* CreateChatViewController.swift */; };
		32B7462C1DDB8AC6002D7C88 /* AccountInfo+View.swift in Sources */ = {isa = PBXBuildFile; fileRef = 32B7462A1DDB8AC6002D7C88 /* AccountInfo+View.swift */; };
		32B7462D1DDB8AC6002D7C88 /* AuthenticationInfo+View.swift in Sources */ = {isa = PBXBuildFile; fileRef = 32B7462B1DDB8AC6002D7C88 /* AuthenticationInfo+View.swift */; };
		32B7462F1DDB8F26002D7C88 /* CreateMessageViewController.swift in Sources */ = {isa = PBXBuildFile; fileRef = 32B7462E1DDB8F26002D7C88 /* CreateMessageViewController.swift */; };
		32B746311DDB9C99002D7C88 /* Chat+View.swift in Sources */ = {isa = PBXBuildFile; fileRef = 32B746301DDB9C99002D7C88 /* Chat+View.swift */; };
		32B746331DDB9F68002D7C88 /* Message+View.swift in Sources */ = {isa = PBXBuildFile; fileRef = 32B746321DDB9F68002D7C88 /* Message+View.swift */; };
		32C9842F1DD5CE250062FA44 /* Authorization.storyboard in Resources */ = {isa = PBXBuildFile; fileRef = 32C9842D1DD5CE250062FA44 /* Authorization.storyboard */; };
		32CAED591DDC8C5000CE9787 /* AccountViewController.swift in Sources */ = {isa = PBXBuildFile; fileRef = 32CAED581DDC8C5000CE9787 /* AccountViewController.swift */; };
		32D024601DD8A9B50044871C /* Chat+Networking.swift in Sources */ = {isa = PBXBuildFile; fileRef = 32D0245F1DD8A9B50044871C /* Chat+Networking.swift */; };
		32D024631DD8AA460044871C /* Chat.swift in Sources */ = {isa = PBXBuildFile; fileRef = 32D024611DD8AA460044871C /* Chat.swift */; };
		32D024641DD8AA460044871C /* Message.swift in Sources */ = {isa = PBXBuildFile; fileRef = 32D024621DD8AA460044871C /* Message.swift */; };
		32D024661DD8B3900044871C /* DateFormatter+RFC3339.swift in Sources */ = {isa = PBXBuildFile; fileRef = 32D024651DD8B3900044871C /* DateFormatter+RFC3339.swift */; };
		32D024681DD8B6A30044871C /* Message+Networking.swift in Sources */ = {isa = PBXBuildFile; fileRef = 32D024671DD8B6A30044871C /* Message+Networking.swift */; };
		32D0246C1DD8C94B0044871C /* Pagination.swift in Sources */ = {isa = PBXBuildFile; fileRef = 32D0246B1DD8C94B0044871C /* Pagination.swift */; };
		32D0246E1DD8C9750044871C /* PaginatedCollection.swift in Sources */ = {isa = PBXBuildFile; fileRef = 32D0246D1DD8C9750044871C /* PaginatedCollection.swift */; };
		32D024741DD8FF750044871C /* PaginatedCollection+Networking.swift in Sources */ = {isa = PBXBuildFile; fileRef = 32D024731DD8FF750044871C /* PaginatedCollection+Networking.swift */; };
		32FFD07F1DD646DB0056A2CD /* AccountInfo.swift in Sources */ = {isa = PBXBuildFile; fileRef = 32FFD07B1DD646DB0056A2CD /* AccountInfo.swift */; };
		32FFD0811DD646DB0056A2CD /* AuthenticationInfo.swift in Sources */ = {isa = PBXBuildFile; fileRef = 32FFD07D1DD646DB0056A2CD /* AuthenticationInfo.swift */; };
		32FFD0851DD647050056A2CD /* AuthenticationViewController.swift in Sources */ = {isa = PBXBuildFile; fileRef = 32FFD0831DD647050056A2CD /* AuthenticationViewController.swift */; };
		32FFD0861DD647050056A2CD /* RegistrationViewController.swift in Sources */ = {isa = PBXBuildFile; fileRef = 32FFD0841DD647050056A2CD /* RegistrationViewController.swift */; };
/* End PBXBuildFile section */

/* Begin PBXContainerItemProxy section */
		32361D701DD50D25001DC6AA /* PBXContainerItemProxy */ = {
			isa = PBXContainerItemProxy;
			containerPortal = 32361D511DD50D24001DC6AA /* Project object */;
			proxyType = 1;
			remoteGlobalIDString = 32361D581DD50D24001DC6AA;
			remoteInfo = OraChat;
		};
/* End PBXContainerItemProxy section */

/* Begin PBXFileReference section */
		320EEFAF1DD754F500AB7BA2 /* WebService.swift */ = {isa = PBXFileReference; fileEncoding = 4; lastKnownFileType = sourcecode.swift; path = WebService.swift; sourceTree = "<group>"; };
		320EEFB11DD7551400AB7BA2 /* AccountInfo+Networking.swift */ = {isa = PBXFileReference; fileEncoding = 4; lastKnownFileType = sourcecode.swift; path = "AccountInfo+Networking.swift"; sourceTree = "<group>"; };
		320EEFB31DD75E3200AB7BA2 /* AuthenticationInfo+Networking.swift */ = {isa = PBXFileReference; fileEncoding = 4; lastKnownFileType = sourcecode.swift; path = "AuthenticationInfo+Networking.swift"; sourceTree = "<group>"; };
		320EEFB51DD7741400AB7BA2 /* UIViewController+Networking.swift */ = {isa = PBXFileReference; fileEncoding = 4; lastKnownFileType = sourcecode.swift; path = "UIViewController+Networking.swift"; sourceTree = "<group>"; };
		32115E2E1DD9B6DD0082C77E /* Pagination+Json.swift */ = {isa = PBXFileReference; fileEncoding = 4; lastKnownFileType = sourcecode.swift; path = "Pagination+Json.swift"; sourceTree = "<group>"; };
		3215F5BD1DD6524800E05BDA /* ChatsViewController.swift */ = {isa = PBXFileReference; fileEncoding = 4; lastKnownFileType = sourcecode.swift; path = ChatsViewController.swift; sourceTree = "<group>"; };
		3215F5D21DD65E4700E05BDA /* MessagesViewController.swift */ = {isa = PBXFileReference; fileEncoding = 4; lastKnownFileType = sourcecode.swift; path = MessagesViewController.swift; sourceTree = "<group>"; };
		323479871DDB611E001BA2CB /* DateFormatter+View.swift */ = {isa = PBXFileReference; fileEncoding = 4; lastKnownFileType = sourcecode.swift; path = "DateFormatter+View.swift"; sourceTree = "<group>"; };
		32361D591DD50D24001DC6AA /* OraChat.app */ = {isa = PBXFileReference; explicitFileType = wrapper.application; includeInIndex = 0; path = OraChat.app; sourceTree = BUILT_PRODUCTS_DIR; };
		32361D5C1DD50D24001DC6AA /* AppDelegate.swift */ = {isa = PBXFileReference; lastKnownFileType = sourcecode.swift; path = AppDelegate.swift; sourceTree = "<group>"; };
		32361D631DD50D25001DC6AA /* Base */ = {isa = PBXFileReference; lastKnownFileType = file.storyboard; name = Base; path = Base.lproj/Main.storyboard; sourceTree = "<group>"; };
		32361D651DD50D25001DC6AA /* Assets.xcassets */ = {isa = PBXFileReference; lastKnownFileType = folder.assetcatalog; path = Assets.xcassets; sourceTree = "<group>"; };
		32361D681DD50D25001DC6AA /* Base */ = {isa = PBXFileReference; lastKnownFileType = file.storyboard; name = Base; path = Base.lproj/LaunchScreen.storyboard; sourceTree = "<group>"; };
		32361D6A1DD50D25001DC6AA /* Info.plist */ = {isa = PBXFileReference; lastKnownFileType = text.plist.xml; path = Info.plist; sourceTree = "<group>"; };
		32361D6F1DD50D25001DC6AA /* OraChatTests.xctest */ = {isa = PBXFileReference; explicitFileType = wrapper.cfbundle; includeInIndex = 0; path = OraChatTests.xctest; sourceTree = BUILT_PRODUCTS_DIR; };
		32361D731DD50D25001DC6AA /* WebServiceTests.swift */ = {isa = PBXFileReference; lastKnownFileType = sourcecode.swift; path = WebServiceTests.swift; sourceTree = "<group>"; };
		32361D751DD50D25001DC6AA /* Info.plist */ = {isa = PBXFileReference; lastKnownFileType = text.plist.xml; path = Info.plist; sourceTree = "<group>"; };
		324F4EBB1DD8736B001A5915 /* JSONSerializable.swift */ = {isa = PBXFileReference; fileEncoding = 4; lastKnownFileType = sourcecode.swift; path = JSONSerializable.swift; sourceTree = "<group>"; };
		325078A11DDA440C0002805C /* CollectionRequestable.swift */ = {isa = PBXFileReference; fileEncoding = 4; lastKnownFileType = sourcecode.swift; path = CollectionRequestable.swift; sourceTree = "<group>"; };
		327A06D61DDCB6DD00212A1F /* WebResource.swift */ = {isa = PBXFileReference; fileEncoding = 4; lastKnownFileType = sourcecode.swift; path = WebResource.swift; sourceTree = "<group>"; };
		327A06D81DDCB73500212A1F /* HTTPMethod.swift */ = {isa = PBXFileReference; fileEncoding = 4; lastKnownFileType = sourcecode.swift; path = HTTPMethod.swift; sourceTree = "<group>"; };
		327A06DA1DDCB76C00212A1F /* URLRequest+WebResource.swift */ = {isa = PBXFileReference; fileEncoding = 4; lastKnownFileType = sourcecode.swift; path = "URLRequest+WebResource.swift"; sourceTree = "<group>"; };
		327B513B1DDC8A9000A0F08B /* MessageTableCell.swift */ = {isa = PBXFileReference; fileEncoding = 4; lastKnownFileType = sourcecode.swift; path = MessageTableCell.swift; sourceTree = "<group>"; };
		327B513C1DDC8A9000A0F08B /* MessageTableCell.xib */ = {isa = PBXFileReference; fileEncoding = 4; lastKnownFileType = file.xib; path = MessageTableCell.xib; sourceTree = "<group>"; };
		327B513D1DDC8A9000A0F08B /* MessagesTableListener.swift */ = {isa = PBXFileReference; fileEncoding = 4; lastKnownFileType = sourcecode.swift; path = MessagesTableListener.swift; sourceTree = "<group>"; };
		327B51431DDC8AAF00A0F08B /* ChatTableCell.swift */ = {isa = PBXFileReference; fileEncoding = 4; lastKnownFileType = sourcecode.swift; path = ChatTableCell.swift; sourceTree = "<group>"; };
		327B51441DDC8AAF00A0F08B /* ChatTableCell.xib */ = {isa = PBXFileReference; fileEncoding = 4; lastKnownFileType = file.xib; path = ChatTableCell.xib; sourceTree = "<group>"; };
		327B51451DDC8AAF00A0F08B /* ChatsTableListener.swift */ = {isa = PBXFileReference; fileEncoding = 4; lastKnownFileType = sourcecode.swift; path = ChatsTableListener.swift; sourceTree = "<group>"; };
		327B51491DDC8B1A00A0F08B /* TableListener.swift */ = {isa = PBXFileReference; fileEncoding = 4; lastKnownFileType = sourcecode.swift; path = TableListener.swift; sourceTree = "<group>"; };
		327B514B1DDC8B1A00A0F08B /* TextFieldTableCell.swift */ = {isa = PBXFileReference; fileEncoding = 4; lastKnownFileType = sourcecode.swift; path = TextFieldTableCell.swift; sourceTree = "<group>"; };
		327B514C1DDC8B1A00A0F08B /* TextFieldTableCell.xib */ = {isa = PBXFileReference; fileEncoding = 4; lastKnownFileType = file.xib; path = TextFieldTableCell.xib; sourceTree = "<group>"; };
		327B514D1DDC8B1A00A0F08B /* TextFieldTableListener.swift */ = {isa = PBXFileReference; fileEncoding = 4; lastKnownFileType = sourcecode.swift; path = TextFieldTableListener.swift; sourceTree = "<group>"; };
		327B514E1DDC8B1A00A0F08B /* TextFieldTableRepresentable.swift */ = {isa = PBXFileReference; fileEncoding = 4; lastKnownFileType = sourcecode.swift; path = TextFieldTableRepresentable.swift; sourceTree = "<group>"; };
		327B514F1DDC8B1A00A0F08B /* TextFieldTableRepresentation.swift */ = {isa = PBXFileReference; fileEncoding = 4; lastKnownFileType = sourcecode.swift; path = TextFieldTableRepresentation.swift; sourceTree = "<group>"; };
		327B51501DDC8B1A00A0F08B /* TextFieldTableRow.swift */ = {isa = PBXFileReference; fileEncoding = 4; lastKnownFileType = sourcecode.swift; path = TextFieldTableRow.swift; sourceTree = "<group>"; };
		32AFDEBC1DDB1B3600C5E912 /* CreateChatViewController.swift */ = {isa = PBXFileReference; fileEncoding = 4; lastKnownFileType = sourcecode.swift; path = CreateChatViewController.swift; sourceTree = "<group>"; };
		32B7462A1DDB8AC6002D7C88 /* AccountInfo+View.swift */ = {isa = PBXFileReference; fileEncoding = 4; lastKnownFileType = sourcecode.swift; path = "AccountInfo+View.swift"; sourceTree = "<group>"; };
		32B7462B1DDB8AC6002D7C88 /* AuthenticationInfo+View.swift */ = {isa = PBXFileReference; fileEncoding = 4; lastKnownFileType = sourcecode.swift; path = "AuthenticationInfo+View.swift"; sourceTree = "<group>"; };
		32B7462E1DDB8F26002D7C88 /* CreateMessageViewController.swift */ = {isa = PBXFileReference; fileEncoding = 4; lastKnownFileType = sourcecode.swift; path = CreateMessageViewController.swift; sourceTree = "<group>"; };
		32B746301DDB9C99002D7C88 /* Chat+View.swift */ = {isa = PBXFileReference; fileEncoding = 4; lastKnownFileType = sourcecode.swift; path = "Chat+View.swift"; sourceTree = "<group>"; };
		32B746321DDB9F68002D7C88 /* Message+View.swift */ = {isa = PBXFileReference; fileEncoding = 4; lastKnownFileType = sourcecode.swift; path = "Message+View.swift"; sourceTree = "<group>"; };
		32C9842E1DD5CE250062FA44 /* Base */ = {isa = PBXFileReference; lastKnownFileType = file.storyboard; name = Base; path = Base.lproj/Authorization.storyboard; sourceTree = "<group>"; };
		32CAED581DDC8C5000CE9787 /* AccountViewController.swift */ = {isa = PBXFileReference; fileEncoding = 4; lastKnownFileType = sourcecode.swift; path = AccountViewController.swift; sourceTree = "<group>"; };
		32D0245F1DD8A9B50044871C /* Chat+Networking.swift */ = {isa = PBXFileReference; fileEncoding = 4; lastKnownFileType = sourcecode.swift; path = "Chat+Networking.swift"; sourceTree = "<group>"; };
		32D024611DD8AA460044871C /* Chat.swift */ = {isa = PBXFileReference; fileEncoding = 4; lastKnownFileType = sourcecode.swift; path = Chat.swift; sourceTree = "<group>"; };
		32D024621DD8AA460044871C /* Message.swift */ = {isa = PBXFileReference; fileEncoding = 4; lastKnownFileType = sourcecode.swift; path = Message.swift; sourceTree = "<group>"; };
		32D024651DD8B3900044871C /* DateFormatter+RFC3339.swift */ = {isa = PBXFileReference; fileEncoding = 4; lastKnownFileType = sourcecode.swift; path = "DateFormatter+RFC3339.swift"; sourceTree = "<group>"; };
		32D024671DD8B6A30044871C /* Message+Networking.swift */ = {isa = PBXFileReference; fileEncoding = 4; lastKnownFileType = sourcecode.swift; path = "Message+Networking.swift"; sourceTree = "<group>"; };
		32D0246B1DD8C94B0044871C /* Pagination.swift */ = {isa = PBXFileReference; fileEncoding = 4; lastKnownFileType = sourcecode.swift; path = Pagination.swift; sourceTree = "<group>"; };
		32D0246D1DD8C9750044871C /* PaginatedCollection.swift */ = {isa = PBXFileReference; fileEncoding = 4; lastKnownFileType = sourcecode.swift; path = PaginatedCollection.swift; sourceTree = "<group>"; };
		32D024731DD8FF750044871C /* PaginatedCollection+Networking.swift */ = {isa = PBXFileReference; fileEncoding = 4; lastKnownFileType = sourcecode.swift; path = "PaginatedCollection+Networking.swift"; sourceTree = "<group>"; };
		32FFD07B1DD646DB0056A2CD /* AccountInfo.swift */ = {isa = PBXFileReference; fileEncoding = 4; lastKnownFileType = sourcecode.swift; path = AccountInfo.swift; sourceTree = "<group>"; };
		32FFD07D1DD646DB0056A2CD /* AuthenticationInfo.swift */ = {isa = PBXFileReference; fileEncoding = 4; lastKnownFileType = sourcecode.swift; path = AuthenticationInfo.swift; sourceTree = "<group>"; };
		32FFD0831DD647050056A2CD /* AuthenticationViewController.swift */ = {isa = PBXFileReference; fileEncoding = 4; lastKnownFileType = sourcecode.swift; path = AuthenticationViewController.swift; sourceTree = "<group>"; };
		32FFD0841DD647050056A2CD /* RegistrationViewController.swift */ = {isa = PBXFileReference; fileEncoding = 4; lastKnownFileType = sourcecode.swift; path = RegistrationViewController.swift; sourceTree = "<group>"; };
/* End PBXFileReference section */

/* Begin PBXFrameworksBuildPhase section */
		32361D561DD50D24001DC6AA /* Frameworks */ = {
			isa = PBXFrameworksBuildPhase;
			buildActionMask = 2147483647;
			files = (
			);
			runOnlyForDeploymentPostprocessing = 0;
		};
		32361D6C1DD50D25001DC6AA /* Frameworks */ = {
			isa = PBXFrameworksBuildPhase;
			buildActionMask = 2147483647;
			files = (
			);
			runOnlyForDeploymentPostprocessing = 0;
		};
/* End PBXFrameworksBuildPhase section */

/* Begin PBXGroup section */
		320EEFAE1DD754F500AB7BA2 /* Networking */ = {
			isa = PBXGroup;
			children = (
				320EEFB31DD75E3200AB7BA2 /* AuthenticationInfo+Networking.swift */,
				320EEFB11DD7551400AB7BA2 /* AccountInfo+Networking.swift */,
				32D0245F1DD8A9B50044871C /* Chat+Networking.swift */,
				32D024671DD8B6A30044871C /* Message+Networking.swift */,
				32D024731DD8FF750044871C /* PaginatedCollection+Networking.swift */,
				32115E2E1DD9B6DD0082C77E /* Pagination+Json.swift */,
				325078A11DDA440C0002805C /* CollectionRequestable.swift */,
				320EEFB51DD7741400AB7BA2 /* UIViewController+Networking.swift */,
				324F4EBB1DD8736B001A5915 /* JSONSerializable.swift */,
				32D024651DD8B3900044871C /* DateFormatter+RFC3339.swift */,
				320EEFAF1DD754F500AB7BA2 /* WebService.swift */,
				327A06D61DDCB6DD00212A1F /* WebResource.swift */,
				327A06D81DDCB73500212A1F /* HTTPMethod.swift */,
				327A06DA1DDCB76C00212A1F /* URLRequest+WebResource.swift */,
			);
			path = Networking;
			sourceTree = "<group>";
		};
		3215F5BC1DD6521000E05BDA /* Chats */ = {
			isa = PBXGroup;
			children = (
				3215F5BD1DD6524800E05BDA /* ChatsViewController.swift */,
				32AFDEBC1DDB1B3600C5E912 /* CreateChatViewController.swift */,
				3215F5D01DD65E4700E05BDA /* Messages */,
				327B51411DDC8AAF00A0F08B /* View */,
			);
			path = Chats;
			sourceTree = "<group>";
		};
		3215F5D01DD65E4700E05BDA /* Messages */ = {
			isa = PBXGroup;
			children = (
				3215F5D21DD65E4700E05BDA /* MessagesViewController.swift */,
				32B7462E1DDB8F26002D7C88 /* CreateMessageViewController.swift */,
				327B51391DDC8A9000A0F08B /* View */,
			);
			path = Messages;
			sourceTree = "<group>";
		};
		323479861DDB60F7001BA2CB /* View */ = {
			isa = PBXGroup;
			children = (
				32B7462B1DDB8AC6002D7C88 /* AuthenticationInfo+View.swift */,
				32B7462A1DDB8AC6002D7C88 /* AccountInfo+View.swift */,
				32B746301DDB9C99002D7C88 /* Chat+View.swift */,
				32B746321DDB9F68002D7C88 /* Message+View.swift */,
				327B514A1DDC8B1A00A0F08B /* TextFieldTable */,
				327B51491DDC8B1A00A0F08B /* TableListener.swift */,
				323479871DDB611E001BA2CB /* DateFormatter+View.swift */,
			);
			path = View;
			sourceTree = "<group>";
		};
		32361D501DD50D24001DC6AA = {
			isa = PBXGroup;
			children = (
				32361D5B1DD50D24001DC6AA /* OraChat */,
				32361D721DD50D25001DC6AA /* OraChatTests */,
				32361D5A1DD50D24001DC6AA /* Products */,
			);
			sourceTree = "<group>";
		};
		32361D5A1DD50D24001DC6AA /* Products */ = {
			isa = PBXGroup;
			children = (
				32361D591DD50D24001DC6AA /* OraChat.app */,
				32361D6F1DD50D25001DC6AA /* OraChatTests.xctest */,
			);
			name = Products;
			sourceTree = "<group>";
		};
		32361D5B1DD50D24001DC6AA /* OraChat */ = {
			isa = PBXGroup;
			children = (
				32361D5C1DD50D24001DC6AA /* AppDelegate.swift */,
				32361D621DD50D25001DC6AA /* Main.storyboard */,
				3215F5BC1DD6521000E05BDA /* Chats */,
				32CAED571DDC8C5000CE9787 /* Account */,
				32C9841F1DD5CD860062FA44 /* Authorization */,
				32FFD0741DD646100056A2CD /* Model */,
				320EEFAE1DD754F500AB7BA2 /* Networking */,
				323479861DDB60F7001BA2CB /* View */,
				32361D651DD50D25001DC6AA /* Assets.xcassets */,
				32361D671DD50D25001DC6AA /* LaunchScreen.storyboard */,
				32361D6A1DD50D25001DC6AA /* Info.plist */,
			);
			path = OraChat;
			sourceTree = "<group>";
		};
		32361D721DD50D25001DC6AA /* OraChatTests */ = {
			isa = PBXGroup;
			children = (
				32361D731DD50D25001DC6AA /* WebServiceTests.swift */,
				32361D751DD50D25001DC6AA /* Info.plist */,
			);
			path = OraChatTests;
			sourceTree = "<group>";
		};
		327B51391DDC8A9000A0F08B /* View */ = {
			isa = PBXGroup;
			children = (
				327B513D1DDC8A9000A0F08B /* MessagesTableListener.swift */,
				327B513A1DDC8A9000A0F08B /* Message Cell */,
			);
			path = View;
			sourceTree = "<group>";
		};
		327B513A1DDC8A9000A0F08B /* Message Cell */ = {
			isa = PBXGroup;
			children = (
				327B513B1DDC8A9000A0F08B /* MessageTableCell.swift */,
				327B513C1DDC8A9000A0F08B /* MessageTableCell.xib */,
			);
			path = "Message Cell";
			sourceTree = "<group>";
		};
		327B51411DDC8AAF00A0F08B /* View */ = {
			isa = PBXGroup;
			children = (
				327B51451DDC8AAF00A0F08B /* ChatsTableListener.swift */,
				327B51421DDC8AAF00A0F08B /* Chat Cell */,
			);
			path = View;
			sourceTree = "<group>";
		};
		327B51421DDC8AAF00A0F08B /* Chat Cell */ = {
			isa = PBXGroup;
			children = (
				327B51431DDC8AAF00A0F08B /* ChatTableCell.swift */,
				327B51441DDC8AAF00A0F08B /* ChatTableCell.xib */,
			);
			path = "Chat Cell";
			sourceTree = "<group>";
		};
		327B514A1DDC8B1A00A0F08B /* TextFieldTable */ = {
			isa = PBXGroup;
			children = (
				327B514D1DDC8B1A00A0F08B /* TextFieldTableListener.swift */,
				327B514E1DDC8B1A00A0F08B /* TextFieldTableRepresentable.swift */,
				327B514F1DDC8B1A00A0F08B /* TextFieldTableRepresentation.swift */,
				327B51501DDC8B1A00A0F08B /* TextFieldTableRow.swift */,
				327B514B1DDC8B1A00A0F08B /* TextFieldTableCell.swift */,
				327B514C1DDC8B1A00A0F08B /* TextFieldTableCell.xib */,
			);
			path = TextFieldTable;
			sourceTree = "<group>";
		};
		32C9841F1DD5CD860062FA44 /* Authorization */ = {
			isa = PBXGroup;
			children = (
				32C9842D1DD5CE250062FA44 /* Authorization.storyboard */,
				32FFD0831DD647050056A2CD /* AuthenticationViewController.swift */,
				32FFD0841DD647050056A2CD /* RegistrationViewController.swift */,
			);
			path = Authorization;
			sourceTree = "<group>";
		};
		32CAED571DDC8C5000CE9787 /* Account */ = {
			isa = PBXGroup;
			children = (
				32CAED581DDC8C5000CE9787 /* AccountViewController.swift */,
			);
			path = Account;
			sourceTree = "<group>";
		};
		32FFD0741DD646100056A2CD /* Model */ = {
			isa = PBXGroup;
			children = (
				32FFD07D1DD646DB0056A2CD /* AuthenticationInfo.swift */,
				32FFD07B1DD646DB0056A2CD /* AccountInfo.swift */,
				32D024611DD8AA460044871C /* Chat.swift */,
				32D024621DD8AA460044871C /* Message.swift */,
				32D0246D1DD8C9750044871C /* PaginatedCollection.swift */,
				32D0246B1DD8C94B0044871C /* Pagination.swift */,
			);
			path = Model;
			sourceTree = "<group>";
		};
/* End PBXGroup section */

/* Begin PBXNativeTarget section */
		32361D581DD50D24001DC6AA /* OraChat */ = {
			isa = PBXNativeTarget;
			buildConfigurationList = 32361D781DD50D25001DC6AA /* Build configuration list for PBXNativeTarget "OraChat" */;
			buildPhases = (
				32361D551DD50D24001DC6AA /* Sources */,
				32361D561DD50D24001DC6AA /* Frameworks */,
				32361D571DD50D24001DC6AA /* Resources */,
			);
			buildRules = (
			);
			dependencies = (
			);
			name = OraChat;
			productName = OraChat;
			productReference = 32361D591DD50D24001DC6AA /* OraChat.app */;
			productType = "com.apple.product-type.application";
		};
		32361D6E1DD50D25001DC6AA /* OraChatTests */ = {
			isa = PBXNativeTarget;
			buildConfigurationList = 32361D7B1DD50D25001DC6AA /* Build configuration list for PBXNativeTarget "OraChatTests" */;
			buildPhases = (
				32361D6B1DD50D25001DC6AA /* Sources */,
				32361D6C1DD50D25001DC6AA /* Frameworks */,
				32361D6D1DD50D25001DC6AA /* Resources */,
			);
			buildRules = (
			);
			dependencies = (
				32361D711DD50D25001DC6AA /* PBXTargetDependency */,
			);
			name = OraChatTests;
			productName = OraChatTests;
			productReference = 32361D6F1DD50D25001DC6AA /* OraChatTests.xctest */;
			productType = "com.apple.product-type.bundle.unit-test";
		};
/* End PBXNativeTarget section */

/* Begin PBXProject section */
		32361D511DD50D24001DC6AA /* Project object */ = {
			isa = PBXProject;
			attributes = {
				LastSwiftUpdateCheck = 0810;
				LastUpgradeCheck = 0810;
				ORGANIZATIONNAME = "Productive Edge";
				TargetAttributes = {
					32361D581DD50D24001DC6AA = {
						CreatedOnToolsVersion = 8.1;
						DevelopmentTeam = E6ULHXQ5NT;
						ProvisioningStyle = Automatic;
					};
					32361D6E1DD50D25001DC6AA = {
						CreatedOnToolsVersion = 8.1;
						DevelopmentTeam = E6ULHXQ5NT;
						ProvisioningStyle = Automatic;
						TestTargetID = 32361D581DD50D24001DC6AA;
					};
				};
			};
			buildConfigurationList = 32361D541DD50D24001DC6AA /* Build configuration list for PBXProject "OraChat" */;
			compatibilityVersion = "Xcode 3.2";
			developmentRegion = English;
			hasScannedForEncodings = 0;
			knownRegions = (
				en,
				Base,
			);
			mainGroup = 32361D501DD50D24001DC6AA;
			productRefGroup = 32361D5A1DD50D24001DC6AA /* Products */;
			projectDirPath = "";
			projectRoot = "";
			targets = (
				32361D581DD50D24001DC6AA /* OraChat */,
				32361D6E1DD50D25001DC6AA /* OraChatTests */,
			);
		};
/* End PBXProject section */

/* Begin PBXResourcesBuildPhase section */
		32361D571DD50D24001DC6AA /* Resources */ = {
			isa = PBXResourcesBuildPhase;
			buildActionMask = 2147483647;
			files = (
				327B51471DDC8AAF00A0F08B /* ChatTableCell.xib in Resources */,
				327B513F1DDC8A9000A0F08B /* MessageTableCell.xib in Resources */,
				32361D691DD50D25001DC6AA /* LaunchScreen.storyboard in Resources */,
				32C9842F1DD5CE250062FA44 /* Authorization.storyboard in Resources */,
				32361D661DD50D25001DC6AA /* Assets.xcassets in Resources */,
				327B51531DDC8B1A00A0F08B /* TextFieldTableCell.xib in Resources */,
				32361D641DD50D25001DC6AA /* Main.storyboard in Resources */,
			);
			runOnlyForDeploymentPostprocessing = 0;
		};
		32361D6D1DD50D25001DC6AA /* Resources */ = {
			isa = PBXResourcesBuildPhase;
			buildActionMask = 2147483647;
			files = (
			);
			runOnlyForDeploymentPostprocessing = 0;
		};
/* End PBXResourcesBuildPhase section */

/* Begin PBXSourcesBuildPhase section */
		32361D551DD50D24001DC6AA /* Sources */ = {
			isa = PBXSourcesBuildPhase;
			buildActionMask = 2147483647;
			files = (
				327A06D71DDCB6DD00212A1F /* WebResource.swift in Sources */,
				327B513E1DDC8A9000A0F08B /* MessageTableCell.swift in Sources */,
				327A06D91DDCB73500212A1F /* HTTPMethod.swift in Sources */,
				32D024741DD8FF750044871C /* PaginatedCollection+Networking.swift in Sources */,
				327A06DB1DDCB76C00212A1F /* URLRequest+WebResource.swift in Sources */,
				32FFD07F1DD646DB0056A2CD /* AccountInfo.swift in Sources */,
				324F4EBC1DD8736B001A5915 /* JSONSerializable.swift in Sources */,
				32AFDEBD1DDB1B3600C5E912 /* CreateChatViewController.swift in Sources */,
				325078A21DDA440C0002805C /* CollectionRequestable.swift in Sources */,
				32D024601DD8A9B50044871C /* Chat+Networking.swift in Sources */,
				32D024681DD8B6A30044871C /* Message+Networking.swift in Sources */,
				32FFD0861DD647050056A2CD /* RegistrationViewController.swift in Sources */,
				327B51561DDC8B1A00A0F08B /* TextFieldTableRepresentation.swift in Sources */,
				32B7462F1DDB8F26002D7C88 /* CreateMessageViewController.swift in Sources */,
				32FFD0811DD646DB0056A2CD /* AuthenticationInfo.swift in Sources */,
				327B51461DDC8AAF00A0F08B /* ChatTableCell.swift in Sources */,
				32D0246C1DD8C94B0044871C /* Pagination.swift in Sources */,
				32B746311DDB9C99002D7C88 /* Chat+View.swift in Sources */,
				32D024641DD8AA460044871C /* Message.swift in Sources */,
				320EEFB21DD7551400AB7BA2 /* AccountInfo+Networking.swift in Sources */,
				327B51481DDC8AAF00A0F08B /* ChatsTableListener.swift in Sources */,
				327B51571DDC8B1A00A0F08B /* TextFieldTableRow.swift in Sources */,
				32B7462D1DDB8AC6002D7C88 /* AuthenticationInfo+View.swift in Sources */,
				327B51511DDC8B1A00A0F08B /* TableListener.swift in Sources */,
				3215F5BE1DD6524800E05BDA /* ChatsViewController.swift in Sources */,
				32B746331DDB9F68002D7C88 /* Message+View.swift in Sources */,
				323479881DDB611E001BA2CB /* DateFormatter+View.swift in Sources */,
				320EEFB01DD754F500AB7BA2 /* WebService.swift in Sources */,
				32B7462C1DDB8AC6002D7C88 /* AccountInfo+View.swift in Sources */,
				32CAED591DDC8C5000CE9787 /* AccountViewController.swift in Sources */,
				327B51401DDC8A9000A0F08B /* MessagesTableListener.swift in Sources */,
				320EEFB61DD7741400AB7BA2 /* UIViewController+Networking.swift in Sources */,
				32D0246E1DD8C9750044871C /* PaginatedCollection.swift in Sources */,
				327B51521DDC8B1A00A0F08B /* TextFieldTableCell.swift in Sources */,
				327B51541DDC8B1A00A0F08B /* TextFieldTableListener.swift in Sources */,
				320EEFB41DD75E3200AB7BA2 /* AuthenticationInfo+Networking.swift in Sources */,
				327B51551DDC8B1A00A0F08B /* TextFieldTableRepresentable.swift in Sources */,
				32D024631DD8AA460044871C /* Chat.swift in Sources */,
				32FFD0851DD647050056A2CD /* AuthenticationViewController.swift in Sources */,
				32115E2F1DD9B6DD0082C77E /* Pagination+Json.swift in Sources */,
				32361D5D1DD50D24001DC6AA /* AppDelegate.swift in Sources */,
				3215F5D61DD65E4700E05BDA /* MessagesViewController.swift in Sources */,
				32D024661DD8B3900044871C /* DateFormatter+RFC3339.swift in Sources */,
			);
			runOnlyForDeploymentPostprocessing = 0;
		};
		32361D6B1DD50D25001DC6AA /* Sources */ = {
			isa = PBXSourcesBuildPhase;
			buildActionMask = 2147483647;
			files = (
				32361D741DD50D25001DC6AA /* WebServiceTests.swift in Sources */,
			);
			runOnlyForDeploymentPostprocessing = 0;
		};
/* End PBXSourcesBuildPhase section */

/* Begin PBXTargetDependency section */
		32361D711DD50D25001DC6AA /* PBXTargetDependency */ = {
			isa = PBXTargetDependency;
			target = 32361D581DD50D24001DC6AA /* OraChat */;
			targetProxy = 32361D701DD50D25001DC6AA /* PBXContainerItemProxy */;
		};
/* End PBXTargetDependency section */

/* Begin PBXVariantGroup section */
		32361D621DD50D25001DC6AA /* Main.storyboard */ = {
			isa = PBXVariantGroup;
			children = (
				32361D631DD50D25001DC6AA /* Base */,
			);
			name = Main.storyboard;
			sourceTree = "<group>";
		};
		32361D671DD50D25001DC6AA /* LaunchScreen.storyboard */ = {
			isa = PBXVariantGroup;
			children = (
				32361D681DD50D25001DC6AA /* Base */,
			);
			name = LaunchScreen.storyboard;
			sourceTree = "<group>";
		};
		32C9842D1DD5CE250062FA44 /* Authorization.storyboard */ = {
			isa = PBXVariantGroup;
			children = (
				32C9842E1DD5CE250062FA44 /* Base */,
			);
			name = Authorization.storyboard;
			sourceTree = "<group>";
		};
/* End PBXVariantGroup section */

/* Begin XCBuildConfiguration section */
		32361D761DD50D25001DC6AA /* Debug */ = {
			isa = XCBuildConfiguration;
			buildSettings = {
				ALWAYS_SEARCH_USER_PATHS = NO;
				CLANG_ANALYZER_NONNULL = YES;
				CLANG_CXX_LANGUAGE_STANDARD = "gnu++0x";
				CLANG_CXX_LIBRARY = "libc++";
				CLANG_ENABLE_MODULES = YES;
				CLANG_ENABLE_OBJC_ARC = YES;
				CLANG_WARN_BOOL_CONVERSION = YES;
				CLANG_WARN_CONSTANT_CONVERSION = YES;
				CLANG_WARN_DIRECT_OBJC_ISA_USAGE = YES_ERROR;
				CLANG_WARN_DOCUMENTATION_COMMENTS = YES;
				CLANG_WARN_EMPTY_BODY = YES;
				CLANG_WARN_ENUM_CONVERSION = YES;
				CLANG_WARN_INFINITE_RECURSION = YES;
				CLANG_WARN_INT_CONVERSION = YES;
				CLANG_WARN_OBJC_ROOT_CLASS = YES_ERROR;
				CLANG_WARN_SUSPICIOUS_MOVES = YES;
				CLANG_WARN_UNREACHABLE_CODE = YES;
				CLANG_WARN__DUPLICATE_METHOD_MATCH = YES;
				"CODE_SIGN_IDENTITY[sdk=iphoneos*]" = "iPhone Developer";
				COPY_PHASE_STRIP = NO;
				DEBUG_INFORMATION_FORMAT = dwarf;
				ENABLE_STRICT_OBJC_MSGSEND = YES;
				ENABLE_TESTABILITY = YES;
				GCC_C_LANGUAGE_STANDARD = gnu99;
				GCC_DYNAMIC_NO_PIC = NO;
				GCC_NO_COMMON_BLOCKS = YES;
				GCC_OPTIMIZATION_LEVEL = 0;
				GCC_PREPROCESSOR_DEFINITIONS = (
					"DEBUG=1",
					"$(inherited)",
				);
				GCC_WARN_64_TO_32_BIT_CONVERSION = YES;
				GCC_WARN_ABOUT_RETURN_TYPE = YES_ERROR;
				GCC_WARN_UNDECLARED_SELECTOR = YES;
				GCC_WARN_UNINITIALIZED_AUTOS = YES_AGGRESSIVE;
				GCC_WARN_UNUSED_FUNCTION = YES;
				GCC_WARN_UNUSED_VARIABLE = YES;
				MTL_ENABLE_DEBUG_INFO = YES;
				ONLY_ACTIVE_ARCH = YES;
				SDKROOT = iphoneos;
				SWIFT_ACTIVE_COMPILATION_CONDITIONS = DEBUG;
				SWIFT_OPTIMIZATION_LEVEL = "-Onone";
			};
			name = Debug;
		};
		32361D771DD50D25001DC6AA /* Release */ = {
			isa = XCBuildConfiguration;
			buildSettings = {
				ALWAYS_SEARCH_USER_PATHS = NO;
				CLANG_ANALYZER_NONNULL = YES;
				CLANG_CXX_LANGUAGE_STANDARD = "gnu++0x";
				CLANG_CXX_LIBRARY = "libc++";
				CLANG_ENABLE_MODULES = YES;
				CLANG_ENABLE_OBJC_ARC = YES;
				CLANG_WARN_BOOL_CONVERSION = YES;
				CLANG_WARN_CONSTANT_CONVERSION = YES;
				CLANG_WARN_DIRECT_OBJC_ISA_USAGE = YES_ERROR;
				CLANG_WARN_DOCUMENTATION_COMMENTS = YES;
				CLANG_WARN_EMPTY_BODY = YES;
				CLANG_WARN_ENUM_CONVERSION = YES;
				CLANG_WARN_INFINITE_RECURSION = YES;
				CLANG_WARN_INT_CONVERSION = YES;
				CLANG_WARN_OBJC_ROOT_CLASS = YES_ERROR;
				CLANG_WARN_SUSPICIOUS_MOVES = YES;
				CLANG_WARN_UNREACHABLE_CODE = YES;
				CLANG_WARN__DUPLICATE_METHOD_MATCH = YES;
				"CODE_SIGN_IDENTITY[sdk=iphoneos*]" = "iPhone Developer";
				COPY_PHASE_STRIP = NO;
				DEBUG_INFORMATION_FORMAT = "dwarf-with-dsym";
				ENABLE_NS_ASSERTIONS = NO;
				ENABLE_STRICT_OBJC_MSGSEND = YES;
				GCC_C_LANGUAGE_STANDARD = gnu99;
				GCC_NO_COMMON_BLOCKS = YES;
				GCC_WARN_64_TO_32_BIT_CONVERSION = YES;
				GCC_WARN_ABOUT_RETURN_TYPE = YES_ERROR;
				GCC_WARN_UNDECLARED_SELECTOR = YES;
				GCC_WARN_UNINITIALIZED_AUTOS = YES_AGGRESSIVE;
				GCC_WARN_UNUSED_FUNCTION = YES;
				GCC_WARN_UNUSED_VARIABLE = YES;
				MTL_ENABLE_DEBUG_INFO = NO;
				SDKROOT = iphoneos;
				SWIFT_OPTIMIZATION_LEVEL = "-Owholemodule";
				VALIDATE_PRODUCT = YES;
			};
			name = Release;
		};
		32361D791DD50D25001DC6AA /* Debug */ = {
			isa = XCBuildConfiguration;
			buildSettings = {
				ASSETCATALOG_COMPILER_APPICON_NAME = AppIcon;
				DEVELOPMENT_TEAM = E6ULHXQ5NT;
				INFOPLIST_FILE = OraChat/Info.plist;
				LD_RUNPATH_SEARCH_PATHS = "$(inherited) @executable_path/Frameworks";
				PRODUCT_BUNDLE_IDENTIFIER = com.productiveedge.OraChat;
				PRODUCT_NAME = "$(TARGET_NAME)";
				SWIFT_VERSION = 3.0;
			};
			name = Debug;
		};
		32361D7A1DD50D25001DC6AA /* Release */ = {
			isa = XCBuildConfiguration;
			buildSettings = {
				ASSETCATALOG_COMPILER_APPICON_NAME = AppIcon;
				DEVELOPMENT_TEAM = E6ULHXQ5NT;
				INFOPLIST_FILE = OraChat/Info.plist;
				LD_RUNPATH_SEARCH_PATHS = "$(inherited) @executable_path/Frameworks";
				PRODUCT_BUNDLE_IDENTIFIER = com.productiveedge.OraChat;
				PRODUCT_NAME = "$(TARGET_NAME)";
				SWIFT_VERSION = 3.0;
			};
			name = Release;
		};
		32361D7C1DD50D25001DC6AA /* Debug */ = {
			isa = XCBuildConfiguration;
			buildSettings = {
				ALWAYS_EMBED_SWIFT_STANDARD_LIBRARIES = YES;
				BUNDLE_LOADER = "$(TEST_HOST)";
				DEVELOPMENT_TEAM = E6ULHXQ5NT;
				INFOPLIST_FILE = OraChatTests/Info.plist;
				LD_RUNPATH_SEARCH_PATHS = "$(inherited) @executable_path/Frameworks @loader_path/Frameworks";
				PRODUCT_BUNDLE_IDENTIFIER = com.productiveedge.OraChatTests;
				PRODUCT_NAME = "$(TARGET_NAME)";
				SWIFT_VERSION = 3.0;
				TEST_HOST = "$(BUILT_PRODUCTS_DIR)/OraChat.app/OraChat";
			};
			name = Debug;
		};
		32361D7D1DD50D25001DC6AA /* Release */ = {
			isa = XCBuildConfiguration;
			buildSettings = {
				ALWAYS_EMBED_SWIFT_STANDARD_LIBRARIES = YES;
				BUNDLE_LOADER = "$(TEST_HOST)";
				DEVELOPMENT_TEAM = E6ULHXQ5NT;
				INFOPLIST_FILE = OraChatTests/Info.plist;
				LD_RUNPATH_SEARCH_PATHS = "$(inherited) @executable_path/Frameworks @loader_path/Frameworks";
				PRODUCT_BUNDLE_IDENTIFIER = com.productiveedge.OraChatTests;
				PRODUCT_NAME = "$(TARGET_NAME)";
				SWIFT_VERSION = 3.0;
				TEST_HOST = "$(BUILT_PRODUCTS_DIR)/OraChat.app/OraChat";
			};
			name = Release;
		};
/* End XCBuildConfiguration section */

/* Begin XCConfigurationList section */
		32361D541DD50D24001DC6AA /* Build configuration list for PBXProject "OraChat" */ = {
			isa = XCConfigurationList;
			buildConfigurations = (
				32361D761DD50D25001DC6AA /* Debug */,
				32361D771DD50D25001DC6AA /* Release */,
			);
			defaultConfigurationIsVisible = 0;
			defaultConfigurationName = Release;
		};
		32361D781DD50D25001DC6AA /* Build configuration list for PBXNativeTarget "OraChat" */ = {
			isa = XCConfigurationList;
			buildConfigurations = (
				32361D791DD50D25001DC6AA /* Debug */,
				32361D7A1DD50D25001DC6AA /* Release */,
			);
			defaultConfigurationIsVisible = 0;
			defaultConfigurationName = Release;
		};
		32361D7B1DD50D25001DC6AA /* Build configuration list for PBXNativeTarget "OraChatTests" */ = {
			isa = XCConfigurationList;
			buildConfigurations = (
				32361D7C1DD50D25001DC6AA /* Debug */,
				32361D7D1DD50D25001DC6AA /* Release */,
			);
			defaultConfigurationIsVisible = 0;
			defaultConfigurationName = Release;
		};
/* End XCConfigurationList section */
	};
	rootObject = 32361D511DD50D24001DC6AA /* Project object */;
}
